
Microsoft Visual Studio Solution File, Format Version 12.00
# Visual Studio Version 16
VisualStudioVersion = 16.0.29306.81
MinimumVisualStudioVersion = 10.0.40219.1
Project("{FAE04EC0-301F-11D3-BF4B-00C04F79EFBC}") = "QuEq", "QuEq\QuEq.csproj", "{039D0FB7-6601-4F26-BE68-7FE910E3A88B}"
EndProject
Project("{FAE04EC0-301F-11D3-BF4B-00C04F79EFBC}") = "Eq", "Eq\Eq.csproj", "{A990B231-40F3-4F62-857A-E44EDDAF7B34}"
EndProject
Project("{FAE04EC0-301F-11D3-BF4B-00C04F79EFBC}") = "UT_Test", "UT_Test\UT_Test.csproj", "{CF87903D-023F-4798-B658-4685803E240F}"
EndProject
Global
	GlobalSection(SolutionConfigurationPlatforms) = preSolution
		Debug|Any CPU = Debug|Any CPU
		Release|Any CPU = Release|Any CPU
	EndGlobalSection
	GlobalSection(ProjectConfigurationPlatforms) = postSolution
		{039D0FB7-6601-4F26-BE68-7FE910E3A88B}.Debug|Any CPU.ActiveCfg = Debug|Any CPU
		{039D0FB7-6601-4F26-BE68-7FE910E3A88B}.Debug|Any CPU.Build.0 = Debug|Any CPU
		{039D0FB7-6601-4F26-BE68-7FE910E3A88B}.Release|Any CPU.ActiveCfg = Release|Any CPU
		{039D0FB7-6601-4F26-BE68-7FE910E3A88B}.Release|Any CPU.Build.0 = Release|Any CPU
		{A990B231-40F3-4F62-857A-E44EDDAF7B34}.Debug|Any CPU.ActiveCfg = Debug|Any CPU
		{A990B231-40F3-4F62-857A-E44EDDAF7B34}.Debug|Any CPU.Build.0 = Debug|Any CPU
		{A990B231-40F3-4F62-857A-E44EDDAF7B34}.Release|Any CPU.ActiveCfg = Release|Any CPU
		{A990B231-40F3-4F62-857A-E44EDDAF7B34}.Release|Any CPU.Build.0 = Release|Any CPU
		{CF87903D-023F-4798-B658-4685803E240F}.Debug|Any CPU.ActiveCfg = Debug|Any CPU
		{CF87903D-023F-4798-B658-4685803E240F}.Debug|Any CPU.Build.0 = Debug|Any CPU
		{CF87903D-023F-4798-B658-4685803E240F}.Release|Any CPU.ActiveCfg = Release|Any CPU
		{CF87903D-023F-4798-B658-4685803E240F}.Release|Any CPU.Build.0 = Release|Any CPU
	EndGlobalSection
	GlobalSection(SolutionProperties) = preSolution
		HideSolutionNode = FALSE
	EndGlobalSection
	GlobalSection(ExtensibilityGlobals) = postSolution
		SolutionGuid = {633E4BDC-7EEA-440B-AD7C-69ACCC32934B}
	EndGlobalSection
EndGlobal
